{
  "version": "4",
  "specifiers": {
    "jsr:@hono/hono@^4.6.6": "4.6.6",
    "npm:@types/node@*": "22.5.4",
    "npm:prettier@^3.3.3": "3.3.3"
  },
  "jsr": {
    "@hono/hono@4.6.6": {
      "integrity": "4856346894db3abfc4bdb89607b4d7bd84725236076fc922573def2b2b64130b"
    }
  },
  "npm": {
    "@types/node@22.5.4": {
      "integrity": "sha512-FDuKUJQm/ju9fT/SeX/6+gBzoPzlVCzfzmGkwKvRHQVxi4BntVbyIwf6a4Xn62mrvndLiml6z/UBXIdEVjQLXg==",
      "dependencies": [
        "undici-types"
      ]
    },
    "prettier@3.3.3": {
      "integrity": "sha512-i2tDNA0O5IrMO757lfrdQZCc2jPNDVntV0m/+4whiDfWaTKfMNgR7Qz0NAeGz/nRqF4m5/6CLzbP4/liHt12Ew=="
    },
    "undici-types@6.19.8": {
      "integrity": "sha512-ve2KP6f/JnbPBFyobGHuerC9g1FYGn/F8n1LWTwNxCEzd6IfqTwUQcNXgEtmmQ6DlRrC1hrSrBnCZPokRrDHjw=="
    }
  },
  "workspace": {
    "dependencies": [
      "jsr:@hono/hono@^4.6.6",
      "npm:prettier@^3.3.3"
    ]
  }
}
